
Microsoft Visual Studio Solution File, Format Version 12.00
# Visual Studio Version 17
VisualStudioVersion = 17.9.34728.123
MinimumVisualStudioVersion = 10.0.40219.1
Project("{9A19103F-16F7-4668-BE54-9A1E7A4F7556}") = "Warmup", "Warmup\Warmup.csproj", "{97F7021E-CEBC-42BB-A4AB-183847DC2CB4}"
EndProject
Project("{9A19103F-16F7-4668-BE54-9A1E7A4F7556}") = "Array", "Array\Array.csproj", "{6CD4C382-243B-4F16-B2F5-8CDBB1EE112B}"
EndProject
Project("{9A19103F-16F7-4668-BE54-9A1E7A4F7556}") = "CustomList", "CustomList\CustomList.csproj", "{BF209BE3-8503-4E8E-81A1-6C2209E4D414}"
EndProject
Project("{9A19103F-16F7-4668-BE54-9A1E7A4F7556}") = "3.Stack", "3.Stack\3.Stack.csproj", "{62B33727-ACF0-436E-A28C-810F4F635282}"
EndProject
Project("{9A19103F-16F7-4668-BE54-9A1E7A4F7556}") = "4.StackMaze", "4.StackMaze\4.StackMaze.csproj", "{DF279431-8934-43C9-9814-BEFCBE14EABC}"
EndProject
Project("{9A19103F-16F7-4668-BE54-9A1E7A4F7556}") = "5.Queue", "5.Queue\5.Queue.csproj", "{A27C2835-9450-45AA-86D2-3B56434E96B3}"
EndProject
Project("{9A19103F-16F7-4668-BE54-9A1E7A4F7556}") = "6.QueueMaze", "6.QueueMaze\6.QueueMaze.csproj", "{40E39376-F4C3-4CDC-8384-DBB00C045134}"
EndProject
Project("{9A19103F-16F7-4668-BE54-9A1E7A4F7556}") = "7.LinkedList", "LinkedList\7.LinkedList.csproj", "{C4438A8F-A903-4D01-875E-7F8043CCBEC0}"
EndProject
Project("{9A19103F-16F7-4668-BE54-9A1E7A4F7556}") = "8.HashTable", "8.HashTable\8.HashTable.csproj", "{DCD88850-4466-4043-AE10-1BCC725CF75A}"
EndProject
Project("{FAE04EC0-301F-11D3-BF4B-00C04F79EFBC}") = "9.Tree", "9.Tree\9.Tree.csproj", "{86BD60CD-2B40-49D2-B9F5-1863CFD99B9D}"
EndProject
Project("{FAE04EC0-301F-11D3-BF4B-00C04F79EFBC}") = "Recursive", "Recursive\Recursive.csproj", "{D6BBFD3B-0AD0-4236-8EFF-A618F89F1B19}"
EndProject
Global
	GlobalSection(SolutionConfigurationPlatforms) = preSolution
		Debug|Any CPU = Debug|Any CPU
		Release|Any CPU = Release|Any CPU
	EndGlobalSection
	GlobalSection(ProjectConfigurationPlatforms) = postSolution
		{97F7021E-CEBC-42BB-A4AB-183847DC2CB4}.Debug|Any CPU.ActiveCfg = Debug|Any CPU
		{97F7021E-CEBC-42BB-A4AB-183847DC2CB4}.Debug|Any CPU.Build.0 = Debug|Any CPU
		{97F7021E-CEBC-42BB-A4AB-183847DC2CB4}.Release|Any CPU.ActiveCfg = Release|Any CPU
		{97F7021E-CEBC-42BB-A4AB-183847DC2CB4}.Release|Any CPU.Build.0 = Release|Any CPU
		{6CD4C382-243B-4F16-B2F5-8CDBB1EE112B}.Debug|Any CPU.ActiveCfg = Debug|Any CPU
		{6CD4C382-243B-4F16-B2F5-8CDBB1EE112B}.Debug|Any CPU.Build.0 = Debug|Any CPU
		{6CD4C382-243B-4F16-B2F5-8CDBB1EE112B}.Release|Any CPU.ActiveCfg = Release|Any CPU
		{6CD4C382-243B-4F16-B2F5-8CDBB1EE112B}.Release|Any CPU.Build.0 = Release|Any CPU
		{BF209BE3-8503-4E8E-81A1-6C2209E4D414}.Debug|Any CPU.ActiveCfg = Debug|Any CPU
		{BF209BE3-8503-4E8E-81A1-6C2209E4D414}.Debug|Any CPU.Build.0 = Debug|Any CPU
		{BF209BE3-8503-4E8E-81A1-6C2209E4D414}.Release|Any CPU.ActiveCfg = Release|Any CPU
		{BF209BE3-8503-4E8E-81A1-6C2209E4D414}.Release|Any CPU.Build.0 = Release|Any CPU
		{62B33727-ACF0-436E-A28C-810F4F635282}.Debug|Any CPU.ActiveCfg = Debug|Any CPU
		{62B33727-ACF0-436E-A28C-810F4F635282}.Debug|Any CPU.Build.0 = Debug|Any CPU
		{62B33727-ACF0-436E-A28C-810F4F635282}.Release|Any CPU.ActiveCfg = Release|Any CPU
		{62B33727-ACF0-436E-A28C-810F4F635282}.Release|Any CPU.Build.0 = Release|Any CPU
		{DF279431-8934-43C9-9814-BEFCBE14EABC}.Debug|Any CPU.ActiveCfg = Debug|Any CPU
		{DF279431-8934-43C9-9814-BEFCBE14EABC}.Debug|Any CPU.Build.0 = Debug|Any CPU
		{DF279431-8934-43C9-9814-BEFCBE14EABC}.Release|Any CPU.ActiveCfg = Release|Any CPU
		{DF279431-8934-43C9-9814-BEFCBE14EABC}.Release|Any CPU.Build.0 = Release|Any CPU
		{A27C2835-9450-45AA-86D2-3B56434E96B3}.Debug|Any CPU.ActiveCfg = Debug|Any CPU
		{A27C2835-9450-45AA-86D2-3B56434E96B3}.Debug|Any CPU.Build.0 = Debug|Any CPU
		{A27C2835-9450-45AA-86D2-3B56434E96B3}.Release|Any CPU.ActiveCfg = Release|Any CPU
		{A27C2835-9450-45AA-86D2-3B56434E96B3}.Release|Any CPU.Build.0 = Release|Any CPU
		{40E39376-F4C3-4CDC-8384-DBB00C045134}.Debug|Any CPU.ActiveCfg = Debug|Any CPU
		{40E39376-F4C3-4CDC-8384-DBB00C045134}.Debug|Any CPU.Build.0 = Debug|Any CPU
		{40E39376-F4C3-4CDC-8384-DBB00C045134}.Release|Any CPU.ActiveCfg = Release|Any CPU
		{40E39376-F4C3-4CDC-8384-DBB00C045134}.Release|Any CPU.Build.0 = Release|Any CPU
		{C4438A8F-A903-4D01-875E-7F8043CCBEC0}.Debug|Any CPU.ActiveCfg = Debug|Any CPU
		{C4438A8F-A903-4D01-875E-7F8043CCBEC0}.Debug|Any CPU.Build.0 = Debug|Any CPU
		{C4438A8F-A903-4D01-875E-7F8043CCBEC0}.Release|Any CPU.ActiveCfg = Release|Any CPU
		{C4438A8F-A903-4D01-875E-7F8043CCBEC0}.Release|Any CPU.Build.0 = Release|Any CPU
		{DCD88850-4466-4043-AE10-1BCC725CF75A}.Debug|Any CPU.ActiveCfg = Debug|Any CPU
		{DCD88850-4466-4043-AE10-1BCC725CF75A}.Debug|Any CPU.Build.0 = Debug|Any CPU
		{DCD88850-4466-4043-AE10-1BCC725CF75A}.Release|Any CPU.ActiveCfg = Release|Any CPU
		{DCD88850-4466-4043-AE10-1BCC725CF75A}.Release|Any CPU.Build.0 = Release|Any CPU
		{86BD60CD-2B40-49D2-B9F5-1863CFD99B9D}.Debug|Any CPU.ActiveCfg = Debug|Any CPU
		{86BD60CD-2B40-49D2-B9F5-1863CFD99B9D}.Debug|Any CPU.Build.0 = Debug|Any CPU
		{86BD60CD-2B40-49D2-B9F5-1863CFD99B9D}.Release|Any CPU.ActiveCfg = Release|Any CPU
		{86BD60CD-2B40-49D2-B9F5-1863CFD99B9D}.Release|Any CPU.Build.0 = Release|Any CPU
		{D6BBFD3B-0AD0-4236-8EFF-A618F89F1B19}.Debug|Any CPU.ActiveCfg = Debug|Any CPU
		{D6BBFD3B-0AD0-4236-8EFF-A618F89F1B19}.Debug|Any CPU.Build.0 = Debug|Any CPU
		{D6BBFD3B-0AD0-4236-8EFF-A618F89F1B19}.Release|Any CPU.ActiveCfg = Release|Any CPU
		{D6BBFD3B-0AD0-4236-8EFF-A618F89F1B19}.Release|Any CPU.Build.0 = Release|Any CPU
	EndGlobalSection
	GlobalSection(SolutionProperties) = preSolution
		HideSolutionNode = FALSE
	EndGlobalSection
	GlobalSection(ExtensibilityGlobals) = postSolution
		SolutionGuid = {AAA9F267-C52C-4526-902B-283CD4B1C10B}
	EndGlobalSection
EndGlobal
