
Microsoft Visual Studio Solution File, Format Version 12.00
# Visual Studio Version 17
VisualStudioVersion = 17.9.34728.123
MinimumVisualStudioVersion = 10.0.40219.1
Project("{FAE04EC0-301F-11D3-BF4B-00C04F79EFBC}") = "Warmup", "Warmup\Warmup.csproj", "{97F7021E-CEBC-42BB-A4AB-183847DC2CB4}"
EndProject
Project("{FAE04EC0-301F-11D3-BF4B-00C04F79EFBC}") = "Array", "Array\Array.csproj", "{6CD4C382-243B-4F16-B2F5-8CDBB1EE112B}"
EndProject
Project("{FAE04EC0-301F-11D3-BF4B-00C04F79EFBC}") = "CustomList", "CustomList\CustomList.csproj", "{BF209BE3-8503-4E8E-81A1-6C2209E4D414}"
EndProject
Global
	GlobalSection(SolutionConfigurationPlatforms) = preSolution
		Debug|Any CPU = Debug|Any CPU
		Release|Any CPU = Release|Any CPU
	EndGlobalSection
	GlobalSection(ProjectConfigurationPlatforms) = postSolution
		{97F7021E-CEBC-42BB-A4AB-183847DC2CB4}.Debug|Any CPU.ActiveCfg = Debug|Any CPU
		{97F7021E-CEBC-42BB-A4AB-183847DC2CB4}.Debug|Any CPU.Build.0 = Debug|Any CPU
		{97F7021E-CEBC-42BB-A4AB-183847DC2CB4}.Release|Any CPU.ActiveCfg = Release|Any CPU
		{97F7021E-CEBC-42BB-A4AB-183847DC2CB4}.Release|Any CPU.Build.0 = Release|Any CPU
		{6CD4C382-243B-4F16-B2F5-8CDBB1EE112B}.Debug|Any CPU.ActiveCfg = Debug|Any CPU
		{6CD4C382-243B-4F16-B2F5-8CDBB1EE112B}.Debug|Any CPU.Build.0 = Debug|Any CPU
		{6CD4C382-243B-4F16-B2F5-8CDBB1EE112B}.Release|Any CPU.ActiveCfg = Release|Any CPU
		{6CD4C382-243B-4F16-B2F5-8CDBB1EE112B}.Release|Any CPU.Build.0 = Release|Any CPU
		{BF209BE3-8503-4E8E-81A1-6C2209E4D414}.Debug|Any CPU.ActiveCfg = Debug|Any CPU
		{BF209BE3-8503-4E8E-81A1-6C2209E4D414}.Debug|Any CPU.Build.0 = Debug|Any CPU
		{BF209BE3-8503-4E8E-81A1-6C2209E4D414}.Release|Any CPU.ActiveCfg = Release|Any CPU
		{BF209BE3-8503-4E8E-81A1-6C2209E4D414}.Release|Any CPU.Build.0 = Release|Any CPU
	EndGlobalSection
	GlobalSection(SolutionProperties) = preSolution
		HideSolutionNode = FALSE
	EndGlobalSection
	GlobalSection(ExtensibilityGlobals) = postSolution
		SolutionGuid = {AAA9F267-C52C-4526-902B-283CD4B1C10B}
	EndGlobalSection
EndGlobal
